
Microsoft Visual Studio Solution File, Format Version 10.00
# Visual Studio 2008
Project("{E24C65DC-7377-472B-9ABA-BC803B73C61A}") = "Execute", ".", "{0D482DA0-DD31-49B6-8174-D0996E077FB5}"
	ProjectSection(WebsiteProperties) = preProject
		TargetFramework = "3.5"
		Debug.AspNetCompiler.VirtualPath = "/Execute"
		Debug.AspNetCompiler.PhysicalPath = "..\Execute\"
		Debug.AspNetCompiler.TargetPath = "PrecompiledWeb\Execute\"
		Debug.AspNetCompiler.Updateable = "true"
		Debug.AspNetCompiler.ForceOverwrite = "true"
		Debug.AspNetCompiler.FixedNames = "false"
		Debug.AspNetCompiler.Debug = "True"
		Release.AspNetCompiler.VirtualPath = "/Execute"
		Release.AspNetCompiler.PhysicalPath = "..\Execute\"
		Release.AspNetCompiler.TargetPath = "PrecompiledWeb\Execute\"
		Release.AspNetCompiler.Updateable = "true"
		Release.AspNetCompiler.ForceOverwrite = "true"
		Release.AspNetCompiler.FixedNames = "false"
		Release.AspNetCompiler.Debug = "False"
		VWDPort = "51022"
	EndProjectSection
EndProject
Global
	GlobalSection(SolutionConfigurationPlatforms) = preSolution
		Debug|.NET = Debug|.NET
	EndGlobalSection
	GlobalSection(ProjectConfigurationPlatforms) = postSolution
		{0D482DA0-DD31-49B6-8174-D0996E077FB5}.Debug|.NET.ActiveCfg = Debug|.NET
		{0D482DA0-DD31-49B6-8174-D0996E077FB5}.Debug|.NET.Build.0 = Debug|.NET
	EndGlobalSection
	GlobalSection(SolutionProperties) = preSolution
		HideSolutionNode = FALSE
	EndGlobalSection
EndGlobal
